PODS:
  - SCiOSDevKit (0.2.0):
    - SCiOSDevKit/BaseUtil (= 0.2.0)
  - SCiOSDevKit/BaseUtil (0.2.0)

DEPENDENCIES:
  - SCiOSDevKit (from `../`)

EXTERNAL SOURCES:
  SCiOSDevKit:
    :path: "../"

SPEC CHECKSUMS:
  SCiOSDevKit: 736c503b63475ee9bcbe6e629cae02c3d20d5951

PODFILE CHECKSUM: 445259bd4962ee35532b87213bd822164953b995

COCOAPODS: 1.11.3
