PODS:
  - KeychainAccess (4.2.2)
  - SCiOSDevKit (0.3.0):
    - SCiOSDevKit/BaseUtil (= 0.3.0)
    - SCiOSDevKit/Extensions (= 0.3.0)
    - SCiOSDevKit/Widget (= 0.3.0)
  - SCiOSDevKit/BaseUtil (0.3.0):
    - KeychainAccess (~> 4.2.1)
  - SCiOSDevKit/Extensions (0.3.0)
  - SCiOSDevKit/Widget (0.3.0):
    - SCiOSDevKit/BaseUtil
    - SnapKit
  - SnapKit (5.6.0)

DEPENDENCIES:
  - SCiOSDevKit (from `../`)

SPEC REPOS:
  trunk:
    - KeychainAccess
    - SnapKit

EXTERNAL SOURCES:
  SCiOSDevKit:
    :path: "../"

SPEC CHECKSUMS:
  KeychainAccess: c0c4f7f38f6fc7bbe58f5702e25f7bd2f65abf51
  SCiOSDevKit: 2fee3a9decee6c05eb85371ecd72c9d215bcf243
  SnapKit: e01d52ebb8ddbc333eefe2132acf85c8227d9c25

PODFILE CHECKSUM: 1479f876f0c6afd08ce215050318de02c23ca55d

COCOAPODS: 1.11.3
